Microsoft Visual Studio Solution File, Format Version 12.00
# Visual Studio 2012
Project("{FAE04EC0-301F-11D3-BF4B-00C04F79EFBC}") = "godot-midi-player-csharp", "godot-midi-player-csharp.csproj", "{031E13C0-49E1-477D-B49E-46B58785686E}"
EndProject
Global
	GlobalSection(SolutionConfigurationPlatforms) = preSolution
	Debug|Any CPU = Debug|Any CPU
	ExportDebug|Any CPU = ExportDebug|Any CPU
	ExportRelease|Any CPU = ExportRelease|Any CPU
	EndGlobalSection
	GlobalSection(ProjectConfigurationPlatforms) = postSolution
		{031E13C0-49E1-477D-B49E-46B58785686E}.Debug|Any CPU.ActiveCfg = Debug|Any CPU
		{031E13C0-49E1-477D-B49E-46B58785686E}.Debug|Any CPU.Build.0 = Debug|Any CPU
		{031E13C0-49E1-477D-B49E-46B58785686E}.ExportDebug|Any CPU.ActiveCfg = ExportDebug|Any CPU
		{031E13C0-49E1-477D-B49E-46B58785686E}.ExportDebug|Any CPU.Build.0 = ExportDebug|Any CPU
		{031E13C0-49E1-477D-B49E-46B58785686E}.ExportRelease|Any CPU.ActiveCfg = ExportRelease|Any CPU
		{031E13C0-49E1-477D-B49E-46B58785686E}.ExportRelease|Any CPU.Build.0 = ExportRelease|Any CPU
	EndGlobalSection
EndGlobal
